// !$*UTF8*$!
{
	archiveVersion = 1;
	classes = {
	};
	objectVersion = 55;
	objects = {

/* Begin PBXBuildFile section */
		5C12C1C229CA3F3F00F9C2EF /* RMImageLoader.swift in Sources */ = {isa = PBXBuildFile; fileRef = 5C12C1C129CA3F3F00F9C2EF /* RMImageLoader.swift */; };
		5C25849129BF9E4E00B0133F /* Extensions.swift in Sources */ = {isa = PBXBuildFile; fileRef = 5C25849029BF9E4E00B0133F /* Extensions.swift */; };
		5C596DB029C0758900E40FFB /* RMCharacterCollectionViewCell.swift in Sources */ = {isa = PBXBuildFile; fileRef = 5C596DAF29C0758900E40FFB /* RMCharacterCollectionViewCell.swift */; };
		5C596DB229C0797100E40FFB /* RMCharacterCollectionViewCellViewModel.swift in Sources */ = {isa = PBXBuildFile; fileRef = 5C596DB129C0797100E40FFB /* RMCharacterCollectionViewCellViewModel.swift */; };
		5C5D6A4D29AF2D6100EF5F8C /* AppDelegate.swift in Sources */ = {isa = PBXBuildFile; fileRef = 5C5D6A4C29AF2D6100EF5F8C /* AppDelegate.swift */; };
		5C5D6A4F29AF2D6100EF5F8C /* SceneDelegate.swift in Sources */ = {isa = PBXBuildFile; fileRef = 5C5D6A4E29AF2D6100EF5F8C /* SceneDelegate.swift */; };
		5C5D6A5129AF2D6100EF5F8C /* RMTabViewController.swift in Sources */ = {isa = PBXBuildFile; fileRef = 5C5D6A5029AF2D6100EF5F8C /* RMTabViewController.swift */; };
		5C5D6A5629AF2D6500EF5F8C /* Assets.xcassets in Resources */ = {isa = PBXBuildFile; fileRef = 5C5D6A5529AF2D6500EF5F8C /* Assets.xcassets */; };
		5C5D6A5929AF2D6500EF5F8C /* LaunchScreen.storyboard in Resources */ = {isa = PBXBuildFile; fileRef = 5C5D6A5729AF2D6500EF5F8C /* LaunchScreen.storyboard */; };
		5C5D6A6829AFC4C500EF5F8C /* RMLocation.swift in Sources */ = {isa = PBXBuildFile; fileRef = 5C5D6A6729AFC4C500EF5F8C /* RMLocation.swift */; };
		5C5D6A6A29AFC4F900EF5F8C /* RMCharacter.swift in Sources */ = {isa = PBXBuildFile; fileRef = 5C5D6A6929AFC4F900EF5F8C /* RMCharacter.swift */; };
		5C5D6A6C29AFC52100EF5F8C /* RMEpisode.swift in Sources */ = {isa = PBXBuildFile; fileRef = 5C5D6A6B29AFC52100EF5F8C /* RMEpisode.swift */; };
		5C5D6A6F29AFC5F400EF5F8C /* RMCharacterViewController.swift in Sources */ = {isa = PBXBuildFile; fileRef = 5C5D6A6E29AFC5F400EF5F8C /* RMCharacterViewController.swift */; };
		5C5D6A7129AFC61300EF5F8C /* RMLocationViewController.swift in Sources */ = {isa = PBXBuildFile; fileRef = 5C5D6A7029AFC61300EF5F8C /* RMLocationViewController.swift */; };
		5C5D6A7329AFC65700EF5F8C /* RMEpisodeViewController.swift in Sources */ = {isa = PBXBuildFile; fileRef = 5C5D6A7229AFC65700EF5F8C /* RMEpisodeViewController.swift */; };
		5C5D6A7529AFC66B00EF5F8C /* RMSettingsViewController.swift in Sources */ = {isa = PBXBuildFile; fileRef = 5C5D6A7429AFC66B00EF5F8C /* RMSettingsViewController.swift */; };
		5C5D6A7729B0AE9500EF5F8C /* RMService.swift in Sources */ = {isa = PBXBuildFile; fileRef = 5C5D6A7629B0AE9500EF5F8C /* RMService.swift */; };
		5C5D6A7929B0AEB500EF5F8C /* RMRequest.swift in Sources */ = {isa = PBXBuildFile; fileRef = 5C5D6A7829B0AEB500EF5F8C /* RMRequest.swift */; };
		5C5D6A7B29B0B05000EF5F8C /* RMEndpoint.swift in Sources */ = {isa = PBXBuildFile; fileRef = 5C5D6A7A29B0B05000EF5F8C /* RMEndpoint.swift */; };
		5C5D6A7D29B14FD700EF5F8C /* RMOrigin.swift in Sources */ = {isa = PBXBuildFile; fileRef = 5C5D6A7C29B14FD700EF5F8C /* RMOrigin.swift */; };
		5C5D6A7F29B1524C00EF5F8C /* RMSingleLocation.swift in Sources */ = {isa = PBXBuildFile; fileRef = 5C5D6A7E29B1524C00EF5F8C /* RMSingleLocation.swift */; };
		5C5D6A8129B1542C00EF5F8C /* RMCharacterStatus.swift in Sources */ = {isa = PBXBuildFile; fileRef = 5C5D6A8029B1542C00EF5F8C /* RMCharacterStatus.swift */; };
		5C5D6A8329B1546A00EF5F8C /* RMCharacterGender.swift in Sources */ = {isa = PBXBuildFile; fileRef = 5C5D6A8229B1546A00EF5F8C /* RMCharacterGender.swift */; };
		5C5D6A8729BA075A00EF5F8C /* RMGetAllCharactersResponse.swift in Sources */ = {isa = PBXBuildFile; fileRef = 5C5D6A8629BA075A00EF5F8C /* RMGetAllCharactersResponse.swift */; };
		5C5D6A8929BA8F5100EF5F8C /* RMCharacterListViewViewModel.swift in Sources */ = {isa = PBXBuildFile; fileRef = 5C5D6A8829BA8F5100EF5F8C /* RMCharacterListViewViewModel.swift */; };
		5C5D6A8B29BA905F00EF5F8C /* RMCharacterListView.swift in Sources */ = {isa = PBXBuildFile; fileRef = 5C5D6A8A29BA905F00EF5F8C /* RMCharacterListView.swift */; };
		5C7AEDBB29C65CE100823A67 /* RMCharacterDetailViewController.swift in Sources */ = {isa = PBXBuildFile; fileRef = 5C7AEDBA29C65CE100823A67 /* RMCharacterDetailViewController.swift */; };
		5C7AEDBD29C65D9D00823A67 /* RMCharacterDetailView.swift in Sources */ = {isa = PBXBuildFile; fileRef = 5C7AEDBC29C65D9D00823A67 /* RMCharacterDetailView.swift */; };
		5C7AEDBF29C65DC900823A67 /* RMCharacterDetailViewViewModel.swift in Sources */ = {isa = PBXBuildFile; fileRef = 5C7AEDBE29C65DC900823A67 /* RMCharacterDetailViewViewModel.swift */; };
		5C7AEDC129C7743A00823A67 /* RMFooterLoadingCollectionReusableView.swift in Sources */ = {isa = PBXBuildFile; fileRef = 5C7AEDC029C7743A00823A67 /* RMFooterLoadingCollectionReusableView.swift */; };
/* End PBXBuildFile section */

/* Begin PBXFileReference section */
		5C12C1C129CA3F3F00F9C2EF /* RMImageLoader.swift */ = {isa = PBXFileReference; lastKnownFileType = sourcecode.swift; path = RMImageLoader.swift; sourceTree = "<group>"; };
		5C25849029BF9E4E00B0133F /* Extensions.swift */ = {isa = PBXFileReference; lastKnownFileType = sourcecode.swift; path = Extensions.swift; sourceTree = "<group>"; };
		5C596DAF29C0758900E40FFB /* RMCharacterCollectionViewCell.swift */ = {isa = PBXFileReference; lastKnownFileType = sourcecode.swift; path = RMCharacterCollectionViewCell.swift; sourceTree = "<group>"; };
		5C596DB129C0797100E40FFB /* RMCharacterCollectionViewCellViewModel.swift */ = {isa = PBXFileReference; lastKnownFileType = sourcecode.swift; path = RMCharacterCollectionViewCellViewModel.swift; sourceTree = "<group>"; };
		5C5D6A4929AF2D6100EF5F8C /* RickAndMorty.app */ = {isa = PBXFileReference; explicitFileType = wrapper.application; includeInIndex = 0; path = RickAndMorty.app; sourceTree = BUILT_PRODUCTS_DIR; };
		5C5D6A4C29AF2D6100EF5F8C /* AppDelegate.swift */ = {isa = PBXFileReference; lastKnownFileType = sourcecode.swift; path = AppDelegate.swift; sourceTree = "<group>"; };
		5C5D6A4E29AF2D6100EF5F8C /* SceneDelegate.swift */ = {isa = PBXFileReference; lastKnownFileType = sourcecode.swift; path = SceneDelegate.swift; sourceTree = "<group>"; };
		5C5D6A5029AF2D6100EF5F8C /* RMTabViewController.swift */ = {isa = PBXFileReference; lastKnownFileType = sourcecode.swift; path = RMTabViewController.swift; sourceTree = "<group>"; };
		5C5D6A5529AF2D6500EF5F8C /* Assets.xcassets */ = {isa = PBXFileReference; lastKnownFileType = folder.assetcatalog; path = Assets.xcassets; sourceTree = "<group>"; };
		5C5D6A5829AF2D6500EF5F8C /* Base */ = {isa = PBXFileReference; lastKnownFileType = file.storyboard; name = Base; path = Base.lproj/LaunchScreen.storyboard; sourceTree = "<group>"; };
		5C5D6A5A29AF2D6500EF5F8C /* Info.plist */ = {isa = PBXFileReference; lastKnownFileType = text.plist.xml; path = Info.plist; sourceTree = "<group>"; };
		5C5D6A6729AFC4C500EF5F8C /* RMLocation.swift */ = {isa = PBXFileReference; lastKnownFileType = sourcecode.swift; path = RMLocation.swift; sourceTree = "<group>"; };
		5C5D6A6929AFC4F900EF5F8C /* RMCharacter.swift */ = {isa = PBXFileReference; lastKnownFileType = sourcecode.swift; path = RMCharacter.swift; sourceTree = "<group>"; };
		5C5D6A6B29AFC52100EF5F8C /* RMEpisode.swift */ = {isa = PBXFileReference; lastKnownFileType = sourcecode.swift; path = RMEpisode.swift; sourceTree = "<group>"; };
		5C5D6A6E29AFC5F400EF5F8C /* RMCharacterViewController.swift */ = {isa = PBXFileReference; lastKnownFileType = sourcecode.swift; path = RMCharacterViewController.swift; sourceTree = "<group>"; };
		5C5D6A7029AFC61300EF5F8C /* RMLocationViewController.swift */ = {isa = PBXFileReference; lastKnownFileType = sourcecode.swift; path = RMLocationViewController.swift; sourceTree = "<group>"; };
		5C5D6A7229AFC65700EF5F8C /* RMEpisodeViewController.swift */ = {isa = PBXFileReference; lastKnownFileType = sourcecode.swift; path = RMEpisodeViewController.swift; sourceTree = "<group>"; };
		5C5D6A7429AFC66B00EF5F8C /* RMSettingsViewController.swift */ = {isa = PBXFileReference; lastKnownFileType = sourcecode.swift; path = RMSettingsViewController.swift; sourceTree = "<group>"; };
		5C5D6A7629B0AE9500EF5F8C /* RMService.swift */ = {isa = PBXFileReference; lastKnownFileType = sourcecode.swift; path = RMService.swift; sourceTree = "<group>"; };
		5C5D6A7829B0AEB500EF5F8C /* RMRequest.swift */ = {isa = PBXFileReference; lastKnownFileType = sourcecode.swift; path = RMRequest.swift; sourceTree = "<group>"; };
		5C5D6A7A29B0B05000EF5F8C /* RMEndpoint.swift */ = {isa = PBXFileReference; lastKnownFileType = sourcecode.swift; path = RMEndpoint.swift; sourceTree = "<group>"; };
		5C5D6A7C29B14FD700EF5F8C /* RMOrigin.swift */ = {isa = PBXFileReference; lastKnownFileType = sourcecode.swift; path = RMOrigin.swift; sourceTree = "<group>"; };
		5C5D6A7E29B1524C00EF5F8C /* RMSingleLocation.swift */ = {isa = PBXFileReference; lastKnownFileType = sourcecode.swift; path = RMSingleLocation.swift; sourceTree = "<group>"; };
		5C5D6A8029B1542C00EF5F8C /* RMCharacterStatus.swift */ = {isa = PBXFileReference; lastKnownFileType = sourcecode.swift; path = RMCharacterStatus.swift; sourceTree = "<group>"; };
		5C5D6A8229B1546A00EF5F8C /* RMCharacterGender.swift */ = {isa = PBXFileReference; lastKnownFileType = sourcecode.swift; path = RMCharacterGender.swift; sourceTree = "<group>"; };
		5C5D6A8629BA075A00EF5F8C /* RMGetAllCharactersResponse.swift */ = {isa = PBXFileReference; lastKnownFileType = sourcecode.swift; path = RMGetAllCharactersResponse.swift; sourceTree = "<group>"; };
		5C5D6A8829BA8F5100EF5F8C /* RMCharacterListViewViewModel.swift */ = {isa = PBXFileReference; lastKnownFileType = sourcecode.swift; path = RMCharacterListViewViewModel.swift; sourceTree = "<group>"; };
		5C5D6A8A29BA905F00EF5F8C /* RMCharacterListView.swift */ = {isa = PBXFileReference; lastKnownFileType = sourcecode.swift; path = RMCharacterListView.swift; sourceTree = "<group>"; };
		5C7AEDBA29C65CE100823A67 /* RMCharacterDetailViewController.swift */ = {isa = PBXFileReference; lastKnownFileType = sourcecode.swift; path = RMCharacterDetailViewController.swift; sourceTree = "<group>"; };
		5C7AEDBC29C65D9D00823A67 /* RMCharacterDetailView.swift */ = {isa = PBXFileReference; lastKnownFileType = sourcecode.swift; path = RMCharacterDetailView.swift; sourceTree = "<group>"; };
		5C7AEDBE29C65DC900823A67 /* RMCharacterDetailViewViewModel.swift */ = {isa = PBXFileReference; lastKnownFileType = sourcecode.swift; path = RMCharacterDetailViewViewModel.swift; sourceTree = "<group>"; };
		5C7AEDC029C7743A00823A67 /* RMFooterLoadingCollectionReusableView.swift */ = {isa = PBXFileReference; lastKnownFileType = sourcecode.swift; path = RMFooterLoadingCollectionReusableView.swift; sourceTree = "<group>"; };
/* End PBXFileReference section */

/* Begin PBXFrameworksBuildPhase section */
		5C5D6A4629AF2D6100EF5F8C /* Frameworks */ = {
			isa = PBXFrameworksBuildPhase;
			buildActionMask = 2147483647;
			files = (
			);
			runOnlyForDeploymentPostprocessing = 0;
		};
/* End PBXFrameworksBuildPhase section */

/* Begin PBXGroup section */
		5C5D6A4029AF2D6100EF5F8C = {
			isa = PBXGroup;
			children = (
				5C5D6A4B29AF2D6100EF5F8C /* RickAndMorty */,
				5C5D6A4A29AF2D6100EF5F8C /* Products */,
			);
			sourceTree = "<group>";
		};
		5C5D6A4A29AF2D6100EF5F8C /* Products */ = {
			isa = PBXGroup;
			children = (
				5C5D6A4929AF2D6100EF5F8C /* RickAndMorty.app */,
			);
			name = Products;
			sourceTree = "<group>";
		};
		5C5D6A4B29AF2D6100EF5F8C /* RickAndMorty */ = {
			isa = PBXGroup;
			children = (
				5C5D6A6629AFBD9C00EF5F8C /* Resources */,
				5C5D6A6529AFBD9300EF5F8C /* Managers */,
				5C5D6A6429AFBD7400EF5F8C /* APIClient */,
				5C5D6A6329AF30FE00EF5F8C /* ViewModels */,
				5C5D6A6229AF30DF00EF5F8C /* Views */,
				5C5D6A6129AF30D400EF5F8C /* Models */,
				5C5D6A6029AF30C500EF5F8C /* Controllers */,
				5C5D6A5A29AF2D6500EF5F8C /* Info.plist */,
			);
			path = RickAndMorty;
			sourceTree = "<group>";
		};
		5C5D6A6029AF30C500EF5F8C /* Controllers */ = {
			isa = PBXGroup;
			children = (
				5C7AEDB929C65CB300823A67 /* Other */,
				5C5D6A6D29AFC58E00EF5F8C /* Core */,
			);
			path = Controllers;
			sourceTree = "<group>";
		};
		5C5D6A6129AF30D400EF5F8C /* Models */ = {
			isa = PBXGroup;
			children = (
				5C5D6A8429BA06CE00EF5F8C /* APIResponceTypes */,
				5C5D6A6729AFC4C500EF5F8C /* RMLocation.swift */,
				5C5D6A6929AFC4F900EF5F8C /* RMCharacter.swift */,
				5C5D6A6B29AFC52100EF5F8C /* RMEpisode.swift */,
				5C5D6A7C29B14FD700EF5F8C /* RMOrigin.swift */,
				5C5D6A7E29B1524C00EF5F8C /* RMSingleLocation.swift */,
				5C5D6A8029B1542C00EF5F8C /* RMCharacterStatus.swift */,
				5C5D6A8229B1546A00EF5F8C /* RMCharacterGender.swift */,
			);
			path = Models;
			sourceTree = "<group>";
		};
		5C5D6A6229AF30DF00EF5F8C /* Views */ = {
			isa = PBXGroup;
			children = (
				5C5D6A8A29BA905F00EF5F8C /* RMCharacterListView.swift */,
				5C596DAF29C0758900E40FFB /* RMCharacterCollectionViewCell.swift */,
				5C7AEDBC29C65D9D00823A67 /* RMCharacterDetailView.swift */,
				5C7AEDC029C7743A00823A67 /* RMFooterLoadingCollectionReusableView.swift */,
			);
			path = Views;
			sourceTree = "<group>";
		};
		5C5D6A6329AF30FE00EF5F8C /* ViewModels */ = {
			isa = PBXGroup;
			children = (
				5C5D6A8829BA8F5100EF5F8C /* RMCharacterListViewViewModel.swift */,
				5C596DB129C0797100E40FFB /* RMCharacterCollectionViewCellViewModel.swift */,
				5C7AEDBE29C65DC900823A67 /* RMCharacterDetailViewViewModel.swift */,
			);
			path = ViewModels;
			sourceTree = "<group>";
		};
		5C5D6A6429AFBD7400EF5F8C /* APIClient */ = {
			isa = PBXGroup;
			children = (
				5C5D6A7629B0AE9500EF5F8C /* RMService.swift */,
				5C5D6A7829B0AEB500EF5F8C /* RMRequest.swift */,
				5C5D6A7A29B0B05000EF5F8C /* RMEndpoint.swift */,
			);
			path = APIClient;
			sourceTree = "<group>";
		};
		5C5D6A6529AFBD9300EF5F8C /* Managers */ = {
			isa = PBXGroup;
			children = (
				5C12C1C129CA3F3F00F9C2EF /* RMImageLoader.swift */,
			);
			path = Managers;
			sourceTree = "<group>";
		};
		5C5D6A6629AFBD9C00EF5F8C /* Resources */ = {
			isa = PBXGroup;
			children = (
				5C5D6A4C29AF2D6100EF5F8C /* AppDelegate.swift */,
				5C5D6A4E29AF2D6100EF5F8C /* SceneDelegate.swift */,
				5C5D6A5529AF2D6500EF5F8C /* Assets.xcassets */,
				5C5D6A5729AF2D6500EF5F8C /* LaunchScreen.storyboard */,
				5C25849029BF9E4E00B0133F /* Extensions.swift */,
			);
			path = Resources;
			sourceTree = "<group>";
		};
		5C5D6A6D29AFC58E00EF5F8C /* Core */ = {
			isa = PBXGroup;
			children = (
				5C5D6A5029AF2D6100EF5F8C /* RMTabViewController.swift */,
				5C5D6A6E29AFC5F400EF5F8C /* RMCharacterViewController.swift */,
				5C5D6A7029AFC61300EF5F8C /* RMLocationViewController.swift */,
				5C5D6A7229AFC65700EF5F8C /* RMEpisodeViewController.swift */,
				5C5D6A7429AFC66B00EF5F8C /* RMSettingsViewController.swift */,
			);
			path = Core;
			sourceTree = "<group>";
		};
		5C5D6A8429BA06CE00EF5F8C /* APIResponceTypes */ = {
			isa = PBXGroup;
			children = (
				5C5D6A8629BA075A00EF5F8C /* RMGetAllCharactersResponse.swift */,
			);
			path = APIResponceTypes;
			sourceTree = "<group>";
		};
		5C7AEDB929C65CB300823A67 /* Other */ = {
			isa = PBXGroup;
			children = (
				5C7AEDBA29C65CE100823A67 /* RMCharacterDetailViewController.swift */,
			);
			path = Other;
			sourceTree = "<group>";
		};
/* End PBXGroup section */

/* Begin PBXNativeTarget section */
		5C5D6A4829AF2D6100EF5F8C /* RickAndMorty */ = {
			isa = PBXNativeTarget;
			buildConfigurationList = 5C5D6A5D29AF2D6500EF5F8C /* Build configuration list for PBXNativeTarget "RickAndMorty" */;
			buildPhases = (
				5C5D6A4529AF2D6100EF5F8C /* Sources */,
				5C5D6A4629AF2D6100EF5F8C /* Frameworks */,
				5C5D6A4729AF2D6100EF5F8C /* Resources */,
			);
			buildRules = (
			);
			dependencies = (
			);
			name = RickAndMorty;
			productName = RickAndMorty;
			productReference = 5C5D6A4929AF2D6100EF5F8C /* RickAndMorty.app */;
			productType = "com.apple.product-type.application";
		};
/* End PBXNativeTarget section */

/* Begin PBXProject section */
		5C5D6A4129AF2D6100EF5F8C /* Project object */ = {
			isa = PBXProject;
			attributes = {
				BuildIndependentTargetsInParallel = 1;
				LastSwiftUpdateCheck = 1340;
				LastUpgradeCheck = 1340;
				TargetAttributes = {
					5C5D6A4829AF2D6100EF5F8C = {
						CreatedOnToolsVersion = 13.4.1;
					};
				};
			};
			buildConfigurationList = 5C5D6A4429AF2D6100EF5F8C /* Build configuration list for PBXProject "RickAndMorty" */;
			compatibilityVersion = "Xcode 13.0";
			developmentRegion = en;
			hasScannedForEncodings = 0;
			knownRegions = (
				en,
				Base,
			);
			mainGroup = 5C5D6A4029AF2D6100EF5F8C;
			productRefGroup = 5C5D6A4A29AF2D6100EF5F8C /* Products */;
			projectDirPath = "";
			projectRoot = "";
			targets = (
				5C5D6A4829AF2D6100EF5F8C /* RickAndMorty */,
			);
		};
/* End PBXProject section */

/* Begin PBXResourcesBuildPhase section */
		5C5D6A4729AF2D6100EF5F8C /* Resources */ = {
			isa = PBXResourcesBuildPhase;
			buildActionMask = 2147483647;
			files = (
				5C5D6A5929AF2D6500EF5F8C /* LaunchScreen.storyboard in Resources */,
				5C5D6A5629AF2D6500EF5F8C /* Assets.xcassets in Resources */,
			);
			runOnlyForDeploymentPostprocessing = 0;
		};
/* End PBXResourcesBuildPhase section */

/* Begin PBXSourcesBuildPhase section */
		5C5D6A4529AF2D6100EF5F8C /* Sources */ = {
			isa = PBXSourcesBuildPhase;
			buildActionMask = 2147483647;
			files = (
				5C5D6A7D29B14FD700EF5F8C /* RMOrigin.swift in Sources */,
				5C7AEDBF29C65DC900823A67 /* RMCharacterDetailViewViewModel.swift in Sources */,
				5C5D6A7F29B1524C00EF5F8C /* RMSingleLocation.swift in Sources */,
				5C5D6A8B29BA905F00EF5F8C /* RMCharacterListView.swift in Sources */,
				5C5D6A8729BA075A00EF5F8C /* RMGetAllCharactersResponse.swift in Sources */,
				5C5D6A8129B1542C00EF5F8C /* RMCharacterStatus.swift in Sources */,
				5C5D6A8329B1546A00EF5F8C /* RMCharacterGender.swift in Sources */,
				5C7AEDBB29C65CE100823A67 /* RMCharacterDetailViewController.swift in Sources */,
				5C7AEDC129C7743A00823A67 /* RMFooterLoadingCollectionReusableView.swift in Sources */,
				5C5D6A7129AFC61300EF5F8C /* RMLocationViewController.swift in Sources */,
				5C5D6A6C29AFC52100EF5F8C /* RMEpisode.swift in Sources */,
				5C5D6A5129AF2D6100EF5F8C /* RMTabViewController.swift in Sources */,
				5C596DB029C0758900E40FFB /* RMCharacterCollectionViewCell.swift in Sources */,
				5C5D6A7329AFC65700EF5F8C /* RMEpisodeViewController.swift in Sources */,
				5C5D6A4D29AF2D6100EF5F8C /* AppDelegate.swift in Sources */,
				5C5D6A6829AFC4C500EF5F8C /* RMLocation.swift in Sources */,
				5C5D6A7529AFC66B00EF5F8C /* RMSettingsViewController.swift in Sources */,
				5C25849129BF9E4E00B0133F /* Extensions.swift in Sources */,
				5C5D6A7729B0AE9500EF5F8C /* RMService.swift in Sources */,
				5C5D6A4F29AF2D6100EF5F8C /* SceneDelegate.swift in Sources */,
				5C5D6A7B29B0B05000EF5F8C /* RMEndpoint.swift in Sources */,
				5C5D6A6A29AFC4F900EF5F8C /* RMCharacter.swift in Sources */,
				5C596DB229C0797100E40FFB /* RMCharacterCollectionViewCellViewModel.swift in Sources */,
				5C12C1C229CA3F3F00F9C2EF /* RMImageLoader.swift in Sources */,
				5C5D6A7929B0AEB500EF5F8C /* RMRequest.swift in Sources */,
				5C5D6A8929BA8F5100EF5F8C /* RMCharacterListViewViewModel.swift in Sources */,
				5C5D6A6F29AFC5F400EF5F8C /* RMCharacterViewController.swift in Sources */,
				5C7AEDBD29C65D9D00823A67 /* RMCharacterDetailView.swift in Sources */,
			);
			runOnlyForDeploymentPostprocessing = 0;
		};
/* End PBXSourcesBuildPhase section */

/* Begin PBXVariantGroup section */
		5C5D6A5729AF2D6500EF5F8C /* LaunchScreen.storyboard */ = {
			isa = PBXVariantGroup;
			children = (
				5C5D6A5829AF2D6500EF5F8C /* Base */,
			);
			name = LaunchScreen.storyboard;
			sourceTree = "<group>";
		};
/* End PBXVariantGroup section */

/* Begin XCBuildConfiguration section */
		5C5D6A5B29AF2D6500EF5F8C /* Debug */ = {
			isa = XCBuildConfiguration;
			buildSettings = {
				ALWAYS_SEARCH_USER_PATHS = NO;
				CLANG_ANALYZER_NONNULL = YES;
				CLANG_ANALYZER_NUMBER_OBJECT_CONVERSION = YES_AGGRESSIVE;
				CLANG_CXX_LANGUAGE_STANDARD = "gnu++17";
				CLANG_ENABLE_MODULES = YES;
				CLANG_ENABLE_OBJC_ARC = YES;
				CLANG_ENABLE_OBJC_WEAK = YES;
				CLANG_WARN_BLOCK_CAPTURE_AUTORELEASING = YES;
				CLANG_WARN_BOOL_CONVERSION = YES;
				CLANG_WARN_COMMA = YES;
				CLANG_WARN_CONSTANT_CONVERSION = YES;
				CLANG_WARN_DEPRECATED_OBJC_IMPLEMENTATIONS = YES;
				CLANG_WARN_DIRECT_OBJC_ISA_USAGE = YES_ERROR;
				CLANG_WARN_DOCUMENTATION_COMMENTS = YES;
				CLANG_WARN_EMPTY_BODY = YES;
				CLANG_WARN_ENUM_CONVERSION = YES;
				CLANG_WARN_INFINITE_RECURSION = YES;
				CLANG_WARN_INT_CONVERSION = YES;
				CLANG_WARN_NON_LITERAL_NULL_CONVERSION = YES;
				CLANG_WARN_OBJC_IMPLICIT_RETAIN_SELF = YES;
				CLANG_WARN_OBJC_LITERAL_CONVERSION = YES;
				CLANG_WARN_OBJC_ROOT_CLASS = YES_ERROR;
				CLANG_WARN_QUOTED_INCLUDE_IN_FRAMEWORK_HEADER = YES;
				CLANG_WARN_RANGE_LOOP_ANALYSIS = YES;
				CLANG_WARN_STRICT_PROTOTYPES = YES;
				CLANG_WARN_SUSPICIOUS_MOVE = YES;
				CLANG_WARN_UNGUARDED_AVAILABILITY = YES_AGGRESSIVE;
				CLANG_WARN_UNREACHABLE_CODE = YES;
				CLANG_WARN__DUPLICATE_METHOD_MATCH = YES;
				COPY_PHASE_STRIP = NO;
				DEBUG_INFORMATION_FORMAT = dwarf;
				ENABLE_STRICT_OBJC_MSGSEND = YES;
				ENABLE_TESTABILITY = YES;
				GCC_C_LANGUAGE_STANDARD = gnu11;
				GCC_DYNAMIC_NO_PIC = NO;
				GCC_NO_COMMON_BLOCKS = YES;
				GCC_OPTIMIZATION_LEVEL = 0;
				GCC_PREPROCESSOR_DEFINITIONS = (
					"DEBUG=1",
					"$(inherited)",
				);
				GCC_WARN_64_TO_32_BIT_CONVERSION = YES;
				GCC_WARN_ABOUT_RETURN_TYPE = YES_ERROR;
				GCC_WARN_UNDECLARED_SELECTOR = YES;
				GCC_WARN_UNINITIALIZED_AUTOS = YES_AGGRESSIVE;
				GCC_WARN_UNUSED_FUNCTION = YES;
				GCC_WARN_UNUSED_VARIABLE = YES;
				IPHONEOS_DEPLOYMENT_TARGET = 15.5;
				MTL_ENABLE_DEBUG_INFO = INCLUDE_SOURCE;
				MTL_FAST_MATH = YES;
				ONLY_ACTIVE_ARCH = YES;
				SDKROOT = iphoneos;
				SWIFT_ACTIVE_COMPILATION_CONDITIONS = DEBUG;
				SWIFT_OPTIMIZATION_LEVEL = "-Onone";
			};
			name = Debug;
		};
		5C5D6A5C29AF2D6500EF5F8C /* Release */ = {
			isa = XCBuildConfiguration;
			buildSettings = {
				ALWAYS_SEARCH_USER_PATHS = NO;
				CLANG_ANALYZER_NONNULL = YES;
				CLANG_ANALYZER_NUMBER_OBJECT_CONVERSION = YES_AGGRESSIVE;
				CLANG_CXX_LANGUAGE_STANDARD = "gnu++17";
				CLANG_ENABLE_MODULES = YES;
				CLANG_ENABLE_OBJC_ARC = YES;
				CLANG_ENABLE_OBJC_WEAK = YES;
				CLANG_WARN_BLOCK_CAPTURE_AUTORELEASING = YES;
				CLANG_WARN_BOOL_CONVERSION = YES;
				CLANG_WARN_COMMA = YES;
				CLANG_WARN_CONSTANT_CONVERSION = YES;
				CLANG_WARN_DEPRECATED_OBJC_IMPLEMENTATIONS = YES;
				CLANG_WARN_DIRECT_OBJC_ISA_USAGE = YES_ERROR;
				CLANG_WARN_DOCUMENTATION_COMMENTS = YES;
				CLANG_WARN_EMPTY_BODY = YES;
				CLANG_WARN_ENUM_CONVERSION = YES;
				CLANG_WARN_INFINITE_RECURSION = YES;
				CLANG_WARN_INT_CONVERSION = YES;
				CLANG_WARN_NON_LITERAL_NULL_CONVERSION = YES;
				CLANG_WARN_OBJC_IMPLICIT_RETAIN_SELF = YES;
				CLANG_WARN_OBJC_LITERAL_CONVERSION = YES;
				CLANG_WARN_OBJC_ROOT_CLASS = YES_ERROR;
				CLANG_WARN_QUOTED_INCLUDE_IN_FRAMEWORK_HEADER = YES;
				CLANG_WARN_RANGE_LOOP_ANALYSIS = YES;
				CLANG_WARN_STRICT_PROTOTYPES = YES;
				CLANG_WARN_SUSPICIOUS_MOVE = YES;
				CLANG_WARN_UNGUARDED_AVAILABILITY = YES_AGGRESSIVE;
				CLANG_WARN_UNREACHABLE_CODE = YES;
				CLANG_WARN__DUPLICATE_METHOD_MATCH = YES;
				COPY_PHASE_STRIP = NO;
				DEBUG_INFORMATION_FORMAT = "dwarf-with-dsym";
				ENABLE_NS_ASSERTIONS = NO;
				ENABLE_STRICT_OBJC_MSGSEND = YES;
				GCC_C_LANGUAGE_STANDARD = gnu11;
				GCC_NO_COMMON_BLOCKS = YES;
				GCC_WARN_64_TO_32_BIT_CONVERSION = YES;
				GCC_WARN_ABOUT_RETURN_TYPE = YES_ERROR;
				GCC_WARN_UNDECLARED_SELECTOR = YES;
				GCC_WARN_UNINITIALIZED_AUTOS = YES_AGGRESSIVE;
				GCC_WARN_UNUSED_FUNCTION = YES;
				GCC_WARN_UNUSED_VARIABLE = YES;
				IPHONEOS_DEPLOYMENT_TARGET = 15.5;
				MTL_ENABLE_DEBUG_INFO = NO;
				MTL_FAST_MATH = YES;
				SDKROOT = iphoneos;
				SWIFT_COMPILATION_MODE = wholemodule;
				SWIFT_OPTIMIZATION_LEVEL = "-O";
				VALIDATE_PRODUCT = YES;
			};
			name = Release;
		};
		5C5D6A5E29AF2D6500EF5F8C /* Debug */ = {
			isa = XCBuildConfiguration;
			buildSettings = {
				ASSETCATALOG_COMPILER_APPICON_NAME = AppIcon;
				ASSETCATALOG_COMPILER_GLOBAL_ACCENT_COLOR_NAME = AccentColor;
				CODE_SIGN_STYLE = Automatic;
				CURRENT_PROJECT_VERSION = 1;
				DEVELOPMENT_TEAM = SU23D6GXVW;
				GENERATE_INFOPLIST_FILE = YES;
				INFOPLIST_FILE = RickAndMorty/Info.plist;
				INFOPLIST_KEY_UIApplicationSupportsIndirectInputEvents = YES;
				INFOPLIST_KEY_UILaunchStoryboardName = LaunchScreen;
				INFOPLIST_KEY_UISupportedInterfaceOrientations_iPad = "UIInterfaceOrientationPortrait UIInterfaceOrientationPortraitUpsideDown UIInterfaceOrientationLandscapeLeft UIInterfaceOrientationLandscapeRight";
				INFOPLIST_KEY_UISupportedInterfaceOrientations_iPhone = "UIInterfaceOrientationPortrait UIInterfaceOrientationLandscapeLeft UIInterfaceOrientationLandscapeRight";
				LD_RUNPATH_SEARCH_PATHS = (
					"$(inherited)",
					"@executable_path/Frameworks",
				);
				MARKETING_VERSION = 1.0;
				PRODUCT_BUNDLE_IDENTIFIER = qwe.RickAndMorty;
				PRODUCT_NAME = "$(TARGET_NAME)";
				SWIFT_EMIT_LOC_STRINGS = YES;
				SWIFT_VERSION = 5.0;
				TARGETED_DEVICE_FAMILY = "1,2";
			};
			name = Debug;
		};
		5C5D6A5F29AF2D6500EF5F8C /* Release */ = {
			isa = XCBuildConfiguration;
			buildSettings = {
				ASSETCATALOG_COMPILER_APPICON_NAME = AppIcon;
				ASSETCATALOG_COMPILER_GLOBAL_ACCENT_COLOR_NAME = AccentColor;
				CODE_SIGN_STYLE = Automatic;
				CURRENT_PROJECT_VERSION = 1;
				DEVELOPMENT_TEAM = SU23D6GXVW;
				GENERATE_INFOPLIST_FILE = YES;
				INFOPLIST_FILE = RickAndMorty/Info.plist;
				INFOPLIST_KEY_UIApplicationSupportsIndirectInputEvents = YES;
				INFOPLIST_KEY_UILaunchStoryboardName = LaunchScreen;
				INFOPLIST_KEY_UISupportedInterfaceOrientations_iPad = "UIInterfaceOrientationPortrait UIInterfaceOrientationPortraitUpsideDown UIInterfaceOrientationLandscapeLeft UIInterfaceOrientationLandscapeRight";
				INFOPLIST_KEY_UISupportedInterfaceOrientations_iPhone = "UIInterfaceOrientationPortrait UIInterfaceOrientationLandscapeLeft UIInterfaceOrientationLandscapeRight";
				LD_RUNPATH_SEARCH_PATHS = (
					"$(inherited)",
					"@executable_path/Frameworks",
				);
				MARKETING_VERSION = 1.0;
				PRODUCT_BUNDLE_IDENTIFIER = qwe.RickAndMorty;
				PRODUCT_NAME = "$(TARGET_NAME)";
				SWIFT_EMIT_LOC_STRINGS = YES;
				SWIFT_VERSION = 5.0;
				TARGETED_DEVICE_FAMILY = "1,2";
			};
			name = Release;
		};
/* End XCBuildConfiguration section */

/* Begin XCConfigurationList section */
		5C5D6A4429AF2D6100EF5F8C /* Build configuration list for PBXProject "RickAndMorty" */ = {
			isa = XCConfigurationList;
			buildConfigurations = (
				5C5D6A5B29AF2D6500EF5F8C /* Debug */,
				5C5D6A5C29AF2D6500EF5F8C /* Release */,
			);
			defaultConfigurationIsVisible = 0;
			defaultConfigurationName = Release;
		};
		5C5D6A5D29AF2D6500EF5F8C /* Build configuration list for PBXNativeTarget "RickAndMorty" */ = {
			isa = XCConfigurationList;
			buildConfigurations = (
				5C5D6A5E29AF2D6500EF5F8C /* Debug */,
				5C5D6A5F29AF2D6500EF5F8C /* Release */,
			);
			defaultConfigurationIsVisible = 0;
			defaultConfigurationName = Release;
		};
/* End XCConfigurationList section */
	};
	rootObject = 5C5D6A4129AF2D6100EF5F8C /* Project object */;
}
